
Microsoft Visual Studio Solution File, Format Version 12.00
# Visual Studio Version 17
VisualStudioVersion = 17.13.35828.75 d17.13
MinimumVisualStudioVersion = 10.0.40219.1
Project("{FAE04EC0-301F-11D3-BF4B-00C04F79EFBC}") = "SimpleFormsApp", "SimpleFormsApp\SimpleFormsApp.csproj", "{5FC4833E-5492-4F8B-8EB7-EDAFB6BD84BB}"
EndProject
Global
	GlobalSection(SolutionConfigurationPlatforms) = preSolution
		Debug|Any CPU = Debug|Any CPU
		Release|Any CPU = Release|Any CPU
	EndGlobalSection
	GlobalSection(ProjectConfigurationPlatforms) = postSolution
		{5FC4833E-5492-4F8B-8EB7-EDAFB6BD84BB}.Debug|Any CPU.ActiveCfg = Debug|Any CPU
		{5FC4833E-5492-4F8B-8EB7-EDAFB6BD84BB}.Debug|Any CPU.Build.0 = Debug|Any CPU
		{5FC4833E-5492-4F8B-8EB7-EDAFB6BD84BB}.Release|Any CPU.ActiveCfg = Release|Any CPU
		{5FC4833E-5492-4F8B-8EB7-EDAFB6BD84BB}.Release|Any CPU.Build.0 = Release|Any CPU
	EndGlobalSection
	GlobalSection(SolutionProperties) = preSolution
		HideSolutionNode = FALSE
	EndGlobalSection
	GlobalSection(ExtensibilityGlobals) = postSolution
		SolutionGuid = {7B5CBA2F-85C1-48FC-A0AE-F4F0779D9B72}
	EndGlobalSection
EndGlobal
